
Microsoft Visual Studio Solution File, Format Version 12.00
# Visual Studio Version 17
VisualStudioVersion = 17.3.32929.385
MinimumVisualStudioVersion = 10.0.40219.1
Project("{FAE04EC0-301F-11D3-BF4B-00C04F79EFBC}") = "Ornek1", "Ornek1\Ornek1.csproj", "{4F9A19A1-5C01-4BDA-BA17-3C2356B98AC3}"
EndProject
Global
	GlobalSection(SolutionConfigurationPlatforms) = preSolution
		Debug|Any CPU = Debug|Any CPU
		Release|Any CPU = Release|Any CPU
	EndGlobalSection
	GlobalSection(ProjectConfigurationPlatforms) = postSolution
		{4F9A19A1-5C01-4BDA-BA17-3C2356B98AC3}.Debug|Any CPU.ActiveCfg = Debug|Any CPU
		{4F9A19A1-5C01-4BDA-BA17-3C2356B98AC3}.Debug|Any CPU.Build.0 = Debug|Any CPU
		{4F9A19A1-5C01-4BDA-BA17-3C2356B98AC3}.Release|Any CPU.ActiveCfg = Release|Any CPU
		{4F9A19A1-5C01-4BDA-BA17-3C2356B98AC3}.Release|Any CPU.Build.0 = Release|Any CPU
	EndGlobalSection
	GlobalSection(SolutionProperties) = preSolution
		HideSolutionNode = FALSE
	EndGlobalSection
	GlobalSection(ExtensibilityGlobals) = postSolution
		SolutionGuid = {A6E2B586-4595-415B-A146-04C40EE3715D}
	EndGlobalSection
EndGlobal
