
Microsoft Visual Studio Solution File, Format Version 12.00
# Visual Studio Version 17
VisualStudioVersion = 17.3.32929.385
MinimumVisualStudioVersion = 10.0.40219.1
Project("{FAE04EC0-301F-11D3-BF4B-00C04F79EFBC}") = "Ornek2", "Ornek2\Ornek2.csproj", "{B62C6E02-C55D-4D89-A602-6DCC5B874CA7}"
EndProject
Global
	GlobalSection(SolutionConfigurationPlatforms) = preSolution
		Debug|Any CPU = Debug|Any CPU
		Release|Any CPU = Release|Any CPU
	EndGlobalSection
	GlobalSection(ProjectConfigurationPlatforms) = postSolution
		{B62C6E02-C55D-4D89-A602-6DCC5B874CA7}.Debug|Any CPU.ActiveCfg = Debug|Any CPU
		{B62C6E02-C55D-4D89-A602-6DCC5B874CA7}.Debug|Any CPU.Build.0 = Debug|Any CPU
		{B62C6E02-C55D-4D89-A602-6DCC5B874CA7}.Release|Any CPU.ActiveCfg = Release|Any CPU
		{B62C6E02-C55D-4D89-A602-6DCC5B874CA7}.Release|Any CPU.Build.0 = Release|Any CPU
	EndGlobalSection
	GlobalSection(SolutionProperties) = preSolution
		HideSolutionNode = FALSE
	EndGlobalSection
	GlobalSection(ExtensibilityGlobals) = postSolution
		SolutionGuid = {E68E06F0-F8BE-4DAE-AAFE-2A431B92900F}
	EndGlobalSection
EndGlobal
