
Microsoft Visual Studio Solution File, Format Version 12.00
# Visual Studio Version 17
VisualStudioVersion = 17.3.32929.385
MinimumVisualStudioVersion = 10.0.40219.1
Project("{FAE04EC0-301F-11D3-BF4B-00C04F79EFBC}") = "11_Operator2", "11_Operator2\11_Operator2.csproj", "{800526F7-870C-4F68-B52B-10A8EA39C1AA}"
EndProject
Global
	GlobalSection(SolutionConfigurationPlatforms) = preSolution
		Debug|Any CPU = Debug|Any CPU
		Release|Any CPU = Release|Any CPU
	EndGlobalSection
	GlobalSection(ProjectConfigurationPlatforms) = postSolution
		{800526F7-870C-4F68-B52B-10A8EA39C1AA}.Debug|Any CPU.ActiveCfg = Debug|Any CPU
		{800526F7-870C-4F68-B52B-10A8EA39C1AA}.Debug|Any CPU.Build.0 = Debug|Any CPU
		{800526F7-870C-4F68-B52B-10A8EA39C1AA}.Release|Any CPU.ActiveCfg = Release|Any CPU
		{800526F7-870C-4F68-B52B-10A8EA39C1AA}.Release|Any CPU.Build.0 = Release|Any CPU
	EndGlobalSection
	GlobalSection(SolutionProperties) = preSolution
		HideSolutionNode = FALSE
	EndGlobalSection
	GlobalSection(ExtensibilityGlobals) = postSolution
		SolutionGuid = {7A15C31E-886F-480F-B70A-37FE2B97CEBB}
	EndGlobalSection
EndGlobal
