
Microsoft Visual Studio Solution File, Format Version 12.00
# Visual Studio Version 17
VisualStudioVersion = 17.3.32929.385
MinimumVisualStudioVersion = 10.0.40219.1
Project("{FAE04EC0-301F-11D3-BF4B-00C04F79EFBC}") = "19_ForDongusu5", "19_ForDongusu5\19_ForDongusu5.csproj", "{C34CBE56-1B18-4249-A337-8E1FE89468C2}"
EndProject
Global
	GlobalSection(SolutionConfigurationPlatforms) = preSolution
		Debug|Any CPU = Debug|Any CPU
		Release|Any CPU = Release|Any CPU
	EndGlobalSection
	GlobalSection(ProjectConfigurationPlatforms) = postSolution
		{C34CBE56-1B18-4249-A337-8E1FE89468C2}.Debug|Any CPU.ActiveCfg = Debug|Any CPU
		{C34CBE56-1B18-4249-A337-8E1FE89468C2}.Debug|Any CPU.Build.0 = Debug|Any CPU
		{C34CBE56-1B18-4249-A337-8E1FE89468C2}.Release|Any CPU.ActiveCfg = Release|Any CPU
		{C34CBE56-1B18-4249-A337-8E1FE89468C2}.Release|Any CPU.Build.0 = Release|Any CPU
	EndGlobalSection
	GlobalSection(SolutionProperties) = preSolution
		HideSolutionNode = FALSE
	EndGlobalSection
	GlobalSection(ExtensibilityGlobals) = postSolution
		SolutionGuid = {AA7D61F2-79C7-40D6-AFB0-785B8F46A905}
	EndGlobalSection
EndGlobal
