
Microsoft Visual Studio Solution File, Format Version 12.00
# Visual Studio Version 17
VisualStudioVersion = 17.3.32929.385
MinimumVisualStudioVersion = 10.0.40219.1
Project("{FAE04EC0-301F-11D3-BF4B-00C04F79EFBC}") = "Ornek5", "Ornek5\Ornek5.csproj", "{5B446EDF-EA6A-4DF4-AF04-E2956E7BD41F}"
EndProject
Global
	GlobalSection(SolutionConfigurationPlatforms) = preSolution
		Debug|Any CPU = Debug|Any CPU
		Release|Any CPU = Release|Any CPU
	EndGlobalSection
	GlobalSection(ProjectConfigurationPlatforms) = postSolution
		{5B446EDF-EA6A-4DF4-AF04-E2956E7BD41F}.Debug|Any CPU.ActiveCfg = Debug|Any CPU
		{5B446EDF-EA6A-4DF4-AF04-E2956E7BD41F}.Debug|Any CPU.Build.0 = Debug|Any CPU
		{5B446EDF-EA6A-4DF4-AF04-E2956E7BD41F}.Release|Any CPU.ActiveCfg = Release|Any CPU
		{5B446EDF-EA6A-4DF4-AF04-E2956E7BD41F}.Release|Any CPU.Build.0 = Release|Any CPU
	EndGlobalSection
	GlobalSection(SolutionProperties) = preSolution
		HideSolutionNode = FALSE
	EndGlobalSection
	GlobalSection(ExtensibilityGlobals) = postSolution
		SolutionGuid = {424F5EF6-A64A-45A6-B1C0-11BBC9ECE353}
	EndGlobalSection
EndGlobal
