
Microsoft Visual Studio Solution File, Format Version 12.00
# Visual Studio Version 17
VisualStudioVersion = 17.3.32929.385
MinimumVisualStudioVersion = 10.0.40219.1
Project("{FAE04EC0-301F-11D3-BF4B-00C04F79EFBC}") = "17_ForDogusu3", "17_ForDogusu3\17_ForDogusu3.csproj", "{B8C81038-53C2-4D3A-A3EF-834CAF0A45F8}"
EndProject
Global
	GlobalSection(SolutionConfigurationPlatforms) = preSolution
		Debug|Any CPU = Debug|Any CPU
		Release|Any CPU = Release|Any CPU
	EndGlobalSection
	GlobalSection(ProjectConfigurationPlatforms) = postSolution
		{B8C81038-53C2-4D3A-A3EF-834CAF0A45F8}.Debug|Any CPU.ActiveCfg = Debug|Any CPU
		{B8C81038-53C2-4D3A-A3EF-834CAF0A45F8}.Debug|Any CPU.Build.0 = Debug|Any CPU
		{B8C81038-53C2-4D3A-A3EF-834CAF0A45F8}.Release|Any CPU.ActiveCfg = Release|Any CPU
		{B8C81038-53C2-4D3A-A3EF-834CAF0A45F8}.Release|Any CPU.Build.0 = Release|Any CPU
	EndGlobalSection
	GlobalSection(SolutionProperties) = preSolution
		HideSolutionNode = FALSE
	EndGlobalSection
	GlobalSection(ExtensibilityGlobals) = postSolution
		SolutionGuid = {41454851-5008-420D-AF26-344CDBB29CE2}
	EndGlobalSection
EndGlobal
